{
  "originHash" : "382b16dd2b21f62fb42de153f2f7c65b1e34225a0cb82f03b7d1532581106cc7",
  "pins" : [
    {
      "identity" : "alamofire",
      "kind" : "remoteSourceControl",
      "location" : "https://github.com/Alamofire/Alamofire",
      "state" : {
        "revision" : "f455c2975872ccd2d9c81594c658af65716e9b9a",
        "version" : "5.9.1"
      }
    },
    {
      "identity" : "gitlabswift",
      "kind" : "remoteSourceControl",
      "location" : "https://github.com/Eh9/GitLabSwift",
      "state" : {
        "branch" : "main",
        "revision" : "7b5755c39f5c95f81966ead7a3ea697b153a2f64"
      }
    },
    {
      "identity" : "glider",
      "kind" : "remoteSourceControl",
      "location" : "https://github.com/immobiliare/Glider",
      "state" : {
        "revision" : "c93275370925fbdb30cbe5507c6cdd2d0afe426f",
        "version" : "2.0.6"
      }
    },
    {
      "identity" : "launchatlogin",
      "kind" : "remoteSourceControl",
      "location" : "https://github.com/sindresorhus/LaunchAtLogin",
      "state" : {
        "branch" : "main",
        "revision" : "22923d335429bfd38c52435505b06a10bcc520fd"
      }
    },
    {
      "identity" : "objectmapper",
      "kind" : "remoteSourceControl",
      "location" : "https://github.com/tristanhimmelman/ObjectMapper",
      "state" : {
        "revision" : "6021c6035e83a306047348666f6400dc61445d3b",
        "version" : "4.4.3"
      }
    },
    {
      "identity" : "realhttp",
      "kind" : "remoteSourceControl",
      "location" : "https://github.com/immobiliare/RealHTTP.git",
      "state" : {
        "branch" : "fix/query-param-encoding",
        "revision" : "78ddd39196f30771ac97f9f4f35422311f74a654"
      }
    },
    {
      "identity" : "sdwebimage",
      "kind" : "remoteSourceControl",
      "location" : "https://github.com/SDWebImage/SDWebImage.git",
      "state" : {
        "revision" : "5642d1ffe3dbe628592443bd14154e31929727b4",
        "version" : "5.19.2"
      }
    },
    {
      "identity" : "sdwebimageswiftui",
      "kind" : "remoteSourceControl",
      "location" : "https://github.com/SDWebImage/SDWebImageSwiftUI",
      "state" : {
        "revision" : "b7af5e6bd9c2987e41730400d1baad13d74a141a",
        "version" : "3.0.4"
      }
    },
    {
      "identity" : "settings",
      "kind" : "remoteSourceControl",
      "location" : "https://github.com/sindresorhus/Settings",
      "state" : {
        "revision" : "879ea83a7bbc6dbebf62bed8c547f090146372a6",
        "version" : "3.1.1"
      }
    },
    {
      "identity" : "snapkit",
      "kind" : "remoteSourceControl",
      "location" : "https://github.com/SnapKit/SnapKit",
      "state" : {
        "revision" : "2842e6e84e82eb9a8dac0100ca90d9444b0307f4",
        "version" : "5.7.1"
      }
    }
  ],
  "version" : 3
}
