{
  "originHash" : "f7f7451cae262055fa9b13779a1ca81c04f5272f36d21b2a625a34437f471b5d",
  "pins" : [
    {
      "identity" : "alamofire",
      "kind" : "remoteSourceControl",
      "location" : "https://github.com/Alamofire/Alamofire",
      "state" : {
        "revision" : "f455c2975872ccd2d9c81594c658af65716e9b9a",
        "version" : "5.9.1"
      }
    },
    {
      "identity" : "gitlabswift",
      "kind" : "remoteSourceControl",
      "location" : "https://github.com/Eh9/GitLabSwift",
      "state" : {
        "branch" : "main",
        "revision" : "e2fcab09fe13e71d5fa67376754117d3dcd6a4fb"
      }
    },
    {
      "identity" : "glider",
      "kind" : "remoteSourceControl",
      "location" : "https://github.com/immobiliare/Glider",
      "state" : {
        "revision" : "c93275370925fbdb30cbe5507c6cdd2d0afe426f",
        "version" : "2.0.6"
      }
    },
    {
      "identity" : "launchatlogin",
      "kind" : "remoteSourceControl",
      "location" : "https://github.com/sindresorhus/LaunchAtLogin",
      "state" : {
        "branch" : "main",
        "revision" : "22923d335429bfd38c52435505b06a10bcc520fd"
      }
    },
    {
      "identity" : "objectmapper",
      "kind" : "remoteSourceControl",
      "location" : "https://github.com/tristanhimmelman/ObjectMapper",
      "state" : {
        "revision" : "6021c6035e83a306047348666f6400dc61445d3b",
        "version" : "4.4.3"
      }
    },
    {
      "identity" : "realhttp",
      "kind" : "remoteSourceControl",
      "location" : "https://github.com/immobiliare/RealHTTP.git",
      "state" : {
        "branch" : "fix/query-param-encoding",
        "revision" : "78ddd39196f30771ac97f9f4f35422311f74a654"
      }
    },
    {
      "identity" : "settings",
      "kind" : "remoteSourceControl",
      "location" : "https://github.com/sindresorhus/Settings",
      "state" : {
        "revision" : "879ea83a7bbc6dbebf62bed8c547f090146372a6",
        "version" : "3.1.1"
      }
    },
    {
      "identity" : "snapkit",
      "kind" : "remoteSourceControl",
      "location" : "https://github.com/SnapKit/SnapKit",
      "state" : {
        "revision" : "2842e6e84e82eb9a8dac0100ca90d9444b0307f4",
        "version" : "5.7.1"
      }
    }
  ],
  "version" : 3
}
